
Microsoft Visual Studio Solution File, Format Version 12.00
# Visual Studio Version 17
VisualStudioVersion = 17.4.33213.308
MinimumVisualStudioVersion = 10.0.40219.1
Project("{FAE04EC0-301F-11D3-BF4B-00C04F79EFBC}") = "EasySaveAnna_CLI", "EasySaveAnna_CLI\EasySaveAnna_CLI.csproj", "{191178E7-A2CA-466D-B8BB-E905CA39E844}"
EndProject
Project("{FAE04EC0-301F-11D3-BF4B-00C04F79EFBC}") = "EasySaveAnna_WPF", "EasySaveAnna_WPF\EasySaveAnna_WPF.csproj", "{7C9319D4-8839-449E-B0A6-4E4DC66016EE}"
EndProject
Project("{FAE04EC0-301F-11D3-BF4B-00C04F79EFBC}") = "EasySaveAnna_Core", "EasySaveAnna_🖤\EasySaveAnna_Core.csproj", "{1A796E0E-9D70-4972-9C11-FD67EEDEA093}"
EndProject
Global
	GlobalSection(SolutionConfigurationPlatforms) = preSolution
		Debug|Any CPU = Debug|Any CPU
		Release|Any CPU = Release|Any CPU
	EndGlobalSection
	GlobalSection(ProjectConfigurationPlatforms) = postSolution
		{191178E7-A2CA-466D-B8BB-E905CA39E844}.Debug|Any CPU.ActiveCfg = Debug|Any CPU
		{191178E7-A2CA-466D-B8BB-E905CA39E844}.Debug|Any CPU.Build.0 = Debug|Any CPU
		{191178E7-A2CA-466D-B8BB-E905CA39E844}.Release|Any CPU.ActiveCfg = Release|Any CPU
		{191178E7-A2CA-466D-B8BB-E905CA39E844}.Release|Any CPU.Build.0 = Release|Any CPU
		{7C9319D4-8839-449E-B0A6-4E4DC66016EE}.Debug|Any CPU.ActiveCfg = Debug|Any CPU
		{7C9319D4-8839-449E-B0A6-4E4DC66016EE}.Debug|Any CPU.Build.0 = Debug|Any CPU
		{7C9319D4-8839-449E-B0A6-4E4DC66016EE}.Release|Any CPU.ActiveCfg = Release|Any CPU
		{7C9319D4-8839-449E-B0A6-4E4DC66016EE}.Release|Any CPU.Build.0 = Release|Any CPU
		{1A796E0E-9D70-4972-9C11-FD67EEDEA093}.Debug|Any CPU.ActiveCfg = Debug|Any CPU
		{1A796E0E-9D70-4972-9C11-FD67EEDEA093}.Debug|Any CPU.Build.0 = Debug|Any CPU
		{1A796E0E-9D70-4972-9C11-FD67EEDEA093}.Release|Any CPU.ActiveCfg = Release|Any CPU
		{1A796E0E-9D70-4972-9C11-FD67EEDEA093}.Release|Any CPU.Build.0 = Release|Any CPU
	EndGlobalSection
	GlobalSection(SolutionProperties) = preSolution
		HideSolutionNode = FALSE
	EndGlobalSection
	GlobalSection(ExtensibilityGlobals) = postSolution
		SolutionGuid = {12CE43B6-E558-47E7-B178-AD03826ED344}
	EndGlobalSection
EndGlobal
